{
  "name": "backend",
  "version": "1.0.0",
  "lockfileVersion": 1,
  "requires": true,
  "dependencies": {
    "openai-api-node": {
      "version": "1.0.0",
      "resolved": "https://registry.npmjs.org/openai-api-node/-/openai-api-node-1.0.0.tgz",
      "integrity": "sha512-kIiZTB1NtvO7S34K2ZC8mItL+4C5BLgBTpqcv2SW8Tm2YWaRWJGQQQqSwNez5pk8g/fqZyWdZgiFFHh59NGvBA=="
    }
  }
}
